
Microsoft Visual Studio Solution File, Format Version 12.00
# Visual Studio Version 17
VisualStudioVersion = 17.1.32414.318
MinimumVisualStudioVersion = 10.0.40219.1
Project("{9A19103F-16F7-4668-BE54-9A1E7A4F7556}") = "ReactFilmServer", "ReactFilmServer\ReactFilmServer.csproj", "{6EDEAC95-AE29-4447-9203-FAF580B81168}"
EndProject
Project("{FAE04EC0-301F-11D3-BF4B-00C04F79EFBC}") = "FilmsDataLayer", "FilmsDataLayer\FilmsDataLayer.csproj", "{B8B80ED0-C432-4B8A-BCD6-1AB6251C1EA6}"
EndProject
Global
	GlobalSection(SolutionConfigurationPlatforms) = preSolution
		Debug|Any CPU = Debug|Any CPU
		Release|Any CPU = Release|Any CPU
	EndGlobalSection
	GlobalSection(ProjectConfigurationPlatforms) = postSolution
		{6EDEAC95-AE29-4447-9203-FAF580B81168}.Debug|Any CPU.ActiveCfg = Debug|Any CPU
		{6EDEAC95-AE29-4447-9203-FAF580B81168}.Debug|Any CPU.Build.0 = Debug|Any CPU
		{6EDEAC95-AE29-4447-9203-FAF580B81168}.Release|Any CPU.ActiveCfg = Release|Any CPU
		{6EDEAC95-AE29-4447-9203-FAF580B81168}.Release|Any CPU.Build.0 = Release|Any CPU
		{B8B80ED0-C432-4B8A-BCD6-1AB6251C1EA6}.Debug|Any CPU.ActiveCfg = Debug|Any CPU
		{B8B80ED0-C432-4B8A-BCD6-1AB6251C1EA6}.Debug|Any CPU.Build.0 = Debug|Any CPU
		{B8B80ED0-C432-4B8A-BCD6-1AB6251C1EA6}.Release|Any CPU.ActiveCfg = Release|Any CPU
		{B8B80ED0-C432-4B8A-BCD6-1AB6251C1EA6}.Release|Any CPU.Build.0 = Release|Any CPU
	EndGlobalSection
	GlobalSection(SolutionProperties) = preSolution
		HideSolutionNode = FALSE
	EndGlobalSection
	GlobalSection(ExtensibilityGlobals) = postSolution
		SolutionGuid = {D0069680-76EB-475A-A75C-BB7ABC5E7CF1}
	EndGlobalSection
EndGlobal
